// !$*UTF8*$!
{
	archiveVersion = 1;
	classes = {
	};
	objectVersion = 50;
	objects = {

/* Begin PBXBuildFile section */
		6E09017326C5414B00896D57 /* NothingFoundCell.xib in Resources */ = {isa = PBXBuildFile; fileRef = 6E09017226C5414B00896D57 /* NothingFoundCell.xib */; };
		6E10EB3E26CE5C6B00C7BCF4 /* LandscapeViewController.swift in Sources */ = {isa = PBXBuildFile; fileRef = 6E10EB3D26CE5C6B00C7BCF4 /* LandscapeViewController.swift */; };
		6E10EB4026CE76AD00C7BCF4 /* FadeOutAnimationController.swift in Sources */ = {isa = PBXBuildFile; fileRef = 6E10EB3F26CE76AD00C7BCF4 /* FadeOutAnimationController.swift */; };
		6E22488926CBF9E0009AE6AF /* GradientView.swift in Sources */ = {isa = PBXBuildFile; fileRef = 6E22488826CBF9E0009AE6AF /* GradientView.swift */; };
		6E67B40526C3DEA0007A1AC9 /* AppDelegate.swift in Sources */ = {isa = PBXBuildFile; fileRef = 6E67B40426C3DEA0007A1AC9 /* AppDelegate.swift */; };
		6E67B40726C3DEA0007A1AC9 /* SceneDelegate.swift in Sources */ = {isa = PBXBuildFile; fileRef = 6E67B40626C3DEA0007A1AC9 /* SceneDelegate.swift */; };
		6E67B40926C3DEA0007A1AC9 /* SearchViewController.swift in Sources */ = {isa = PBXBuildFile; fileRef = 6E67B40826C3DEA0007A1AC9 /* SearchViewController.swift */; };
		6E67B40C26C3DEA0007A1AC9 /* Main.storyboard in Resources */ = {isa = PBXBuildFile; fileRef = 6E67B40A26C3DEA0007A1AC9 /* Main.storyboard */; };
		6E67B40E26C3DEA2007A1AC9 /* Assets.xcassets in Resources */ = {isa = PBXBuildFile; fileRef = 6E67B40D26C3DEA2007A1AC9 /* Assets.xcassets */; };
		6E786BD726CD2E66003D5160 /* SlideOutAnimationController.swift in Sources */ = {isa = PBXBuildFile; fileRef = 6E786BD626CD2E66003D5160 /* SlideOutAnimationController.swift */; };
		6E7C66BA26CBB50C004CCCD9 /* DetailViewController.swift in Sources */ = {isa = PBXBuildFile; fileRef = 6E7C66B926CBB50C004CCCD9 /* DetailViewController.swift */; };
		6E7C66BC26CBC7FE004CCCD9 /* DimmingPresentationController.swift in Sources */ = {isa = PBXBuildFile; fileRef = 6E7C66BB26CBC7FE004CCCD9 /* DimmingPresentationController.swift */; };
		6E7FD08B26CFB7DC00F40009 /* BounceAnimationController.swift in Sources */ = {isa = PBXBuildFile; fileRef = 6E7FD08A26CFB7DB00F40009 /* BounceAnimationController.swift */; };
		6EBDA52526C425D900320160 /* SearchResult.swift in Sources */ = {isa = PBXBuildFile; fileRef = 6EBDA52426C425D900320160 /* SearchResult.swift */; };
		6EC3C35F26C7EA4B00B451E3 /* LoadingCell.xib in Resources */ = {isa = PBXBuildFile; fileRef = 6EC3C35E26C7EA4B00B451E3 /* LoadingCell.xib */; };
		6EE5FD6726C519E4004A53FB /* SearchResultCell.xib in Resources */ = {isa = PBXBuildFile; fileRef = 6EE5FD6626C519E4004A53FB /* SearchResultCell.xib */; };
		6EE5FD6926C51E86004A53FB /* SearchResultCell.swift in Sources */ = {isa = PBXBuildFile; fileRef = 6EE5FD6826C51E86004A53FB /* SearchResultCell.swift */; };
		6EFDBA9A26CA843200458936 /* UIImageView+DownloadImage.swift in Sources */ = {isa = PBXBuildFile; fileRef = 6EFDBA9926CA843200458936 /* UIImageView+DownloadImage.swift */; };
/* End PBXBuildFile section */

/* Begin PBXFileReference section */
		6E09017226C5414B00896D57 /* NothingFoundCell.xib */ = {isa = PBXFileReference; lastKnownFileType = file.xib; path = NothingFoundCell.xib; sourceTree = "<group>"; };
		6E10EB3D26CE5C6B00C7BCF4 /* LandscapeViewController.swift */ = {isa = PBXFileReference; lastKnownFileType = sourcecode.swift; path = LandscapeViewController.swift; sourceTree = "<group>"; };
		6E10EB3F26CE76AD00C7BCF4 /* FadeOutAnimationController.swift */ = {isa = PBXFileReference; lastKnownFileType = sourcecode.swift; path = FadeOutAnimationController.swift; sourceTree = "<group>"; };
		6E22488826CBF9E0009AE6AF /* GradientView.swift */ = {isa = PBXFileReference; lastKnownFileType = sourcecode.swift; path = GradientView.swift; sourceTree = "<group>"; };
		6E67B40126C3DEA0007A1AC9 /* StoreSearch.app */ = {isa = PBXFileReference; explicitFileType = wrapper.application; includeInIndex = 0; path = StoreSearch.app; sourceTree = BUILT_PRODUCTS_DIR; };
		6E67B40426C3DEA0007A1AC9 /* AppDelegate.swift */ = {isa = PBXFileReference; lastKnownFileType = sourcecode.swift; path = AppDelegate.swift; sourceTree = "<group>"; };
		6E67B40626C3DEA0007A1AC9 /* SceneDelegate.swift */ = {isa = PBXFileReference; lastKnownFileType = sourcecode.swift; path = SceneDelegate.swift; sourceTree = "<group>"; };
		6E67B40826C3DEA0007A1AC9 /* SearchViewController.swift */ = {isa = PBXFileReference; lastKnownFileType = sourcecode.swift; path = SearchViewController.swift; sourceTree = "<group>"; };
		6E67B40B26C3DEA0007A1AC9 /* Base */ = {isa = PBXFileReference; lastKnownFileType = file.storyboard; name = Base; path = Base.lproj/Main.storyboard; sourceTree = "<group>"; };
		6E67B40D26C3DEA2007A1AC9 /* Assets.xcassets */ = {isa = PBXFileReference; lastKnownFileType = folder.assetcatalog; path = Assets.xcassets; sourceTree = "<group>"; };
		6E67B41226C3DEA2007A1AC9 /* Info.plist */ = {isa = PBXFileReference; lastKnownFileType = text.plist.xml; path = Info.plist; sourceTree = "<group>"; };
		6E786BD626CD2E66003D5160 /* SlideOutAnimationController.swift */ = {isa = PBXFileReference; lastKnownFileType = sourcecode.swift; path = SlideOutAnimationController.swift; sourceTree = "<group>"; };
		6E7C66B926CBB50C004CCCD9 /* DetailViewController.swift */ = {isa = PBXFileReference; lastKnownFileType = sourcecode.swift; path = DetailViewController.swift; sourceTree = "<group>"; };
		6E7C66BB26CBC7FE004CCCD9 /* DimmingPresentationController.swift */ = {isa = PBXFileReference; lastKnownFileType = sourcecode.swift; path = DimmingPresentationController.swift; sourceTree = "<group>"; };
		6E7FD08A26CFB7DB00F40009 /* BounceAnimationController.swift */ = {isa = PBXFileReference; lastKnownFileType = sourcecode.swift; path = BounceAnimationController.swift; sourceTree = "<group>"; };
		6EBDA52426C425D900320160 /* SearchResult.swift */ = {isa = PBXFileReference; lastKnownFileType = sourcecode.swift; path = SearchResult.swift; sourceTree = "<group>"; };
		6EC3C35E26C7EA4B00B451E3 /* LoadingCell.xib */ = {isa = PBXFileReference; lastKnownFileType = file.xib; path = LoadingCell.xib; sourceTree = "<group>"; };
		6EE5FD6626C519E4004A53FB /* SearchResultCell.xib */ = {isa = PBXFileReference; lastKnownFileType = file.xib; path = SearchResultCell.xib; sourceTree = "<group>"; };
		6EE5FD6826C51E86004A53FB /* SearchResultCell.swift */ = {isa = PBXFileReference; lastKnownFileType = sourcecode.swift; path = SearchResultCell.swift; sourceTree = "<group>"; };
		6EFDBA9926CA843200458936 /* UIImageView+DownloadImage.swift */ = {isa = PBXFileReference; lastKnownFileType = sourcecode.swift; path = "UIImageView+DownloadImage.swift"; sourceTree = "<group>"; };
/* End PBXFileReference section */

/* Begin PBXFrameworksBuildPhase section */
		6E67B3FE26C3DEA0007A1AC9 /* Frameworks */ = {
			isa = PBXFrameworksBuildPhase;
			buildActionMask = 2147483647;
			files = (
			);
			runOnlyForDeploymentPostprocessing = 0;
		};
/* End PBXFrameworksBuildPhase section */

/* Begin PBXGroup section */
		6E67B3F826C3DEA0007A1AC9 = {
			isa = PBXGroup;
			children = (
				6E67B40326C3DEA0007A1AC9 /* StoreSearch */,
				6E67B40226C3DEA0007A1AC9 /* Products */,
			);
			sourceTree = "<group>";
		};
		6E67B40226C3DEA0007A1AC9 /* Products */ = {
			isa = PBXGroup;
			children = (
				6E67B40126C3DEA0007A1AC9 /* StoreSearch.app */,
			);
			name = Products;
			sourceTree = "<group>";
		};
		6E67B40326C3DEA0007A1AC9 /* StoreSearch */ = {
			isa = PBXGroup;
			children = (
				6E67B40426C3DEA0007A1AC9 /* AppDelegate.swift */,
				6E67B40626C3DEA0007A1AC9 /* SceneDelegate.swift */,
				6E67B40A26C3DEA0007A1AC9 /* Main.storyboard */,
				6E67B40826C3DEA0007A1AC9 /* SearchViewController.swift */,
				6E67B40D26C3DEA2007A1AC9 /* Assets.xcassets */,
				6E67B41226C3DEA2007A1AC9 /* Info.plist */,
				6EBDA52426C425D900320160 /* SearchResult.swift */,
				6EE5FD6626C519E4004A53FB /* SearchResultCell.xib */,
				6EE5FD6826C51E86004A53FB /* SearchResultCell.swift */,
				6EC3C35E26C7EA4B00B451E3 /* LoadingCell.xib */,
				6E09017226C5414B00896D57 /* NothingFoundCell.xib */,
				6EFDBA9926CA843200458936 /* UIImageView+DownloadImage.swift */,
				6E7C66B926CBB50C004CCCD9 /* DetailViewController.swift */,
				6E10EB3F26CE76AD00C7BCF4 /* FadeOutAnimationController.swift */,
				6E10EB3D26CE5C6B00C7BCF4 /* LandscapeViewController.swift */,
				6E22488826CBF9E0009AE6AF /* GradientView.swift */,
				6E7C66BB26CBC7FE004CCCD9 /* DimmingPresentationController.swift */,
				6E786BD626CD2E66003D5160 /* SlideOutAnimationController.swift */,
				6E7FD08A26CFB7DB00F40009 /* BounceAnimationController.swift */,
			);
			path = StoreSearch;
			sourceTree = "<group>";
		};
/* End PBXGroup section */

/* Begin PBXNativeTarget section */
		6E67B40026C3DEA0007A1AC9 /* StoreSearch */ = {
			isa = PBXNativeTarget;
			buildConfigurationList = 6E67B41526C3DEA2007A1AC9 /* Build configuration list for PBXNativeTarget "StoreSearch" */;
			buildPhases = (
				6E67B3FD26C3DEA0007A1AC9 /* Sources */,
				6E67B3FE26C3DEA0007A1AC9 /* Frameworks */,
				6E67B3FF26C3DEA0007A1AC9 /* Resources */,
			);
			buildRules = (
			);
			dependencies = (
			);
			name = StoreSearch;
			productName = StoreSearch;
			productReference = 6E67B40126C3DEA0007A1AC9 /* StoreSearch.app */;
			productType = "com.apple.product-type.application";
		};
/* End PBXNativeTarget section */

/* Begin PBXProject section */
		6E67B3F926C3DEA0007A1AC9 /* Project object */ = {
			isa = PBXProject;
			attributes = {
				LastSwiftUpdateCheck = 1130;
				LastUpgradeCheck = 1130;
				ORGANIZATIONNAME = "Malysh Tim";
				TargetAttributes = {
					6E67B40026C3DEA0007A1AC9 = {
						CreatedOnToolsVersion = 11.3.1;
					};
				};
			};
			buildConfigurationList = 6E67B3FC26C3DEA0007A1AC9 /* Build configuration list for PBXProject "StoreSearch" */;
			compatibilityVersion = "Xcode 9.3";
			developmentRegion = en;
			hasScannedForEncodings = 0;
			knownRegions = (
				en,
				Base,
			);
			mainGroup = 6E67B3F826C3DEA0007A1AC9;
			productRefGroup = 6E67B40226C3DEA0007A1AC9 /* Products */;
			projectDirPath = "";
			projectRoot = "";
			targets = (
				6E67B40026C3DEA0007A1AC9 /* StoreSearch */,
			);
		};
/* End PBXProject section */

/* Begin PBXResourcesBuildPhase section */
		6E67B3FF26C3DEA0007A1AC9 /* Resources */ = {
			isa = PBXResourcesBuildPhase;
			buildActionMask = 2147483647;
			files = (
				6E67B40E26C3DEA2007A1AC9 /* Assets.xcassets in Resources */,
				6EC3C35F26C7EA4B00B451E3 /* LoadingCell.xib in Resources */,
				6EE5FD6726C519E4004A53FB /* SearchResultCell.xib in Resources */,
				6E09017326C5414B00896D57 /* NothingFoundCell.xib in Resources */,
				6E67B40C26C3DEA0007A1AC9 /* Main.storyboard in Resources */,
			);
			runOnlyForDeploymentPostprocessing = 0;
		};
/* End PBXResourcesBuildPhase section */

/* Begin PBXSourcesBuildPhase section */
		6E67B3FD26C3DEA0007A1AC9 /* Sources */ = {
			isa = PBXSourcesBuildPhase;
			buildActionMask = 2147483647;
			files = (
				6E7FD08B26CFB7DC00F40009 /* BounceAnimationController.swift in Sources */,
				6E67B40926C3DEA0007A1AC9 /* SearchViewController.swift in Sources */,
				6E67B40526C3DEA0007A1AC9 /* AppDelegate.swift in Sources */,
				6EFDBA9A26CA843200458936 /* UIImageView+DownloadImage.swift in Sources */,
				6E7C66BC26CBC7FE004CCCD9 /* DimmingPresentationController.swift in Sources */,
				6EBDA52526C425D900320160 /* SearchResult.swift in Sources */,
				6E67B40726C3DEA0007A1AC9 /* SceneDelegate.swift in Sources */,
				6EE5FD6926C51E86004A53FB /* SearchResultCell.swift in Sources */,
				6E786BD726CD2E66003D5160 /* SlideOutAnimationController.swift in Sources */,
				6E10EB4026CE76AD00C7BCF4 /* FadeOutAnimationController.swift in Sources */,
				6E7C66BA26CBB50C004CCCD9 /* DetailViewController.swift in Sources */,
				6E10EB3E26CE5C6B00C7BCF4 /* LandscapeViewController.swift in Sources */,
				6E22488926CBF9E0009AE6AF /* GradientView.swift in Sources */,
			);
			runOnlyForDeploymentPostprocessing = 0;
		};
/* End PBXSourcesBuildPhase section */

/* Begin PBXVariantGroup section */
		6E67B40A26C3DEA0007A1AC9 /* Main.storyboard */ = {
			isa = PBXVariantGroup;
			children = (
				6E67B40B26C3DEA0007A1AC9 /* Base */,
			);
			name = Main.storyboard;
			sourceTree = "<group>";
		};
/* End PBXVariantGroup section */

/* Begin XCBuildConfiguration section */
		6E67B41326C3DEA2007A1AC9 /* Debug */ = {
			isa = XCBuildConfiguration;
			buildSettings = {
				ALWAYS_SEARCH_USER_PATHS = NO;
				CLANG_ANALYZER_NONNULL = YES;
				CLANG_ANALYZER_NUMBER_OBJECT_CONVERSION = YES_AGGRESSIVE;
				CLANG_CXX_LANGUAGE_STANDARD = "gnu++14";
				CLANG_CXX_LIBRARY = "libc++";
				CLANG_ENABLE_MODULES = YES;
				CLANG_ENABLE_OBJC_ARC = YES;
				CLANG_ENABLE_OBJC_WEAK = YES;
				CLANG_WARN_BLOCK_CAPTURE_AUTORELEASING = YES;
				CLANG_WARN_BOOL_CONVERSION = YES;
				CLANG_WARN_COMMA = YES;
				CLANG_WARN_CONSTANT_CONVERSION = YES;
				CLANG_WARN_DEPRECATED_OBJC_IMPLEMENTATIONS = YES;
				CLANG_WARN_DIRECT_OBJC_ISA_USAGE = YES_ERROR;
				CLANG_WARN_DOCUMENTATION_COMMENTS = YES;
				CLANG_WARN_EMPTY_BODY = YES;
				CLANG_WARN_ENUM_CONVERSION = YES;
				CLANG_WARN_INFINITE_RECURSION = YES;
				CLANG_WARN_INT_CONVERSION = YES;
				CLANG_WARN_NON_LITERAL_NULL_CONVERSION = YES;
				CLANG_WARN_OBJC_IMPLICIT_RETAIN_SELF = YES;
				CLANG_WARN_OBJC_LITERAL_CONVERSION = YES;
				CLANG_WARN_OBJC_ROOT_CLASS = YES_ERROR;
				CLANG_WARN_RANGE_LOOP_ANALYSIS = YES;
				CLANG_WARN_STRICT_PROTOTYPES = YES;
				CLANG_WARN_SUSPICIOUS_MOVE = YES;
				CLANG_WARN_UNGUARDED_AVAILABILITY = YES_AGGRESSIVE;
				CLANG_WARN_UNREACHABLE_CODE = YES;
				CLANG_WARN__DUPLICATE_METHOD_MATCH = YES;
				COPY_PHASE_STRIP = NO;
				DEBUG_INFORMATION_FORMAT = dwarf;
				ENABLE_STRICT_OBJC_MSGSEND = YES;
				ENABLE_TESTABILITY = YES;
				GCC_C_LANGUAGE_STANDARD = gnu11;
				GCC_DYNAMIC_NO_PIC = NO;
				GCC_NO_COMMON_BLOCKS = YES;
				GCC_OPTIMIZATION_LEVEL = 0;
				GCC_PREPROCESSOR_DEFINITIONS = (
					"DEBUG=1",
					"$(inherited)",
				);
				GCC_WARN_64_TO_32_BIT_CONVERSION = YES;
				GCC_WARN_ABOUT_RETURN_TYPE = YES_ERROR;
				GCC_WARN_UNDECLARED_SELECTOR = YES;
				GCC_WARN_UNINITIALIZED_AUTOS = YES_AGGRESSIVE;
				GCC_WARN_UNUSED_FUNCTION = YES;
				GCC_WARN_UNUSED_VARIABLE = YES;
				IPHONEOS_DEPLOYMENT_TARGET = 13.2;
				MTL_ENABLE_DEBUG_INFO = INCLUDE_SOURCE;
				MTL_FAST_MATH = YES;
				ONLY_ACTIVE_ARCH = YES;
				SDKROOT = iphoneos;
				SWIFT_ACTIVE_COMPILATION_CONDITIONS = DEBUG;
				SWIFT_OPTIMIZATION_LEVEL = "-Onone";
			};
			name = Debug;
		};
		6E67B41426C3DEA2007A1AC9 /* Release */ = {
			isa = XCBuildConfiguration;
			buildSettings = {
				ALWAYS_SEARCH_USER_PATHS = NO;
				CLANG_ANALYZER_NONNULL = YES;
				CLANG_ANALYZER_NUMBER_OBJECT_CONVERSION = YES_AGGRESSIVE;
				CLANG_CXX_LANGUAGE_STANDARD = "gnu++14";
				CLANG_CXX_LIBRARY = "libc++";
				CLANG_ENABLE_MODULES = YES;
				CLANG_ENABLE_OBJC_ARC = YES;
				CLANG_ENABLE_OBJC_WEAK = YES;
				CLANG_WARN_BLOCK_CAPTURE_AUTORELEASING = YES;
				CLANG_WARN_BOOL_CONVERSION = YES;
				CLANG_WARN_COMMA = YES;
				CLANG_WARN_CONSTANT_CONVERSION = YES;
				CLANG_WARN_DEPRECATED_OBJC_IMPLEMENTATIONS = YES;
				CLANG_WARN_DIRECT_OBJC_ISA_USAGE = YES_ERROR;
				CLANG_WARN_DOCUMENTATION_COMMENTS = YES;
				CLANG_WARN_EMPTY_BODY = YES;
				CLANG_WARN_ENUM_CONVERSION = YES;
				CLANG_WARN_INFINITE_RECURSION = YES;
				CLANG_WARN_INT_CONVERSION = YES;
				CLANG_WARN_NON_LITERAL_NULL_CONVERSION = YES;
				CLANG_WARN_OBJC_IMPLICIT_RETAIN_SELF = YES;
				CLANG_WARN_OBJC_LITERAL_CONVERSION = YES;
				CLANG_WARN_OBJC_ROOT_CLASS = YES_ERROR;
				CLANG_WARN_RANGE_LOOP_ANALYSIS = YES;
				CLANG_WARN_STRICT_PROTOTYPES = YES;
				CLANG_WARN_SUSPICIOUS_MOVE = YES;
				CLANG_WARN_UNGUARDED_AVAILABILITY = YES_AGGRESSIVE;
				CLANG_WARN_UNREACHABLE_CODE = YES;
				CLANG_WARN__DUPLICATE_METHOD_MATCH = YES;
				COPY_PHASE_STRIP = NO;
				DEBUG_INFORMATION_FORMAT = "dwarf-with-dsym";
				ENABLE_NS_ASSERTIONS = NO;
				ENABLE_STRICT_OBJC_MSGSEND = YES;
				GCC_C_LANGUAGE_STANDARD = gnu11;
				GCC_NO_COMMON_BLOCKS = YES;
				GCC_WARN_64_TO_32_BIT_CONVERSION = YES;
				GCC_WARN_ABOUT_RETURN_TYPE = YES_ERROR;
				GCC_WARN_UNDECLARED_SELECTOR = YES;
				GCC_WARN_UNINITIALIZED_AUTOS = YES_AGGRESSIVE;
				GCC_WARN_UNUSED_FUNCTION = YES;
				GCC_WARN_UNUSED_VARIABLE = YES;
				IPHONEOS_DEPLOYMENT_TARGET = 13.2;
				MTL_ENABLE_DEBUG_INFO = NO;
				MTL_FAST_MATH = YES;
				SDKROOT = iphoneos;
				SWIFT_COMPILATION_MODE = wholemodule;
				SWIFT_OPTIMIZATION_LEVEL = "-O";
				VALIDATE_PRODUCT = YES;
			};
			name = Release;
		};
		6E67B41626C3DEA2007A1AC9 /* Debug */ = {
			isa = XCBuildConfiguration;
			buildSettings = {
				ASSETCATALOG_COMPILER_APPICON_NAME = AppIcon;
				CODE_SIGN_STYLE = Automatic;
				DEVELOPMENT_TEAM = P6Z4473U6P;
				INFOPLIST_FILE = StoreSearch/Info.plist;
				LD_RUNPATH_SEARCH_PATHS = (
					"$(inherited)",
					"@executable_path/Frameworks",
				);
				PRODUCT_BUNDLE_IDENTIFIER = com.MalyshTIm.StoreSearch;
				PRODUCT_NAME = "$(TARGET_NAME)";
				SWIFT_VERSION = 5.0;
				TARGETED_DEVICE_FAMILY = "1,2";
			};
			name = Debug;
		};
		6E67B41726C3DEA2007A1AC9 /* Release */ = {
			isa = XCBuildConfiguration;
			buildSettings = {
				ASSETCATALOG_COMPILER_APPICON_NAME = AppIcon;
				CODE_SIGN_STYLE = Automatic;
				DEVELOPMENT_TEAM = P6Z4473U6P;
				INFOPLIST_FILE = StoreSearch/Info.plist;
				LD_RUNPATH_SEARCH_PATHS = (
					"$(inherited)",
					"@executable_path/Frameworks",
				);
				PRODUCT_BUNDLE_IDENTIFIER = com.MalyshTIm.StoreSearch;
				PRODUCT_NAME = "$(TARGET_NAME)";
				SWIFT_VERSION = 5.0;
				TARGETED_DEVICE_FAMILY = "1,2";
			};
			name = Release;
		};
/* End XCBuildConfiguration section */

/* Begin XCConfigurationList section */
		6E67B3FC26C3DEA0007A1AC9 /* Build configuration list for PBXProject "StoreSearch" */ = {
			isa = XCConfigurationList;
			buildConfigurations = (
				6E67B41326C3DEA2007A1AC9 /* Debug */,
				6E67B41426C3DEA2007A1AC9 /* Release */,
			);
			defaultConfigurationIsVisible = 0;
			defaultConfigurationName = Release;
		};
		6E67B41526C3DEA2007A1AC9 /* Build configuration list for PBXNativeTarget "StoreSearch" */ = {
			isa = XCConfigurationList;
			buildConfigurations = (
				6E67B41626C3DEA2007A1AC9 /* Debug */,
				6E67B41726C3DEA2007A1AC9 /* Release */,
			);
			defaultConfigurationIsVisible = 0;
			defaultConfigurationName = Release;
		};
/* End XCConfigurationList section */
	};
	rootObject = 6E67B3F926C3DEA0007A1AC9 /* Project object */;
}
